Microsoft Visual Studio Solution File, Format Version 9.00
# Visual Studio 2005
Project("{FAE04EC0-301F-11D3-BF4B-00C04F79EFBC}") = "DxScanScenes-2005", "DxScanScenes-2005.csproj", "{17379614-821C-4504-B45D-BBACC866EBFB}"
	ProjectSection(WebsiteProperties) = preProject
		Debug.AspNetCompiler.Debug = "True"
		Release.AspNetCompiler.Debug = "False"
	EndProjectSection
EndProject
Global
	GlobalSection(SolutionConfigurationPlatforms) = preSolution
		Debug|Any CPU = Debug|Any CPU
		Release|Any CPU = Release|Any CPU
	EndGlobalSection
	GlobalSection(ProjectConfigurationPlatforms) = postSolution
		{17379614-821C-4504-B45D-BBACC866EBFB}.Debug|Any CPU.ActiveCfg = Debug|Any CPU
		{17379614-821C-4504-B45D-BBACC866EBFB}.Debug|Any CPU.Build.0 = Debug|Any CPU
		{17379614-821C-4504-B45D-BBACC866EBFB}.Release|Any CPU.ActiveCfg = Release|Any CPU
		{17379614-821C-4504-B45D-BBACC866EBFB}.Release|Any CPU.Build.0 = Release|Any CPU
	EndGlobalSection
	GlobalSection(SolutionProperties) = preSolution
		HideSolutionNode = FALSE
	EndGlobalSection
EndGlobal
